// !$*UTF8*$!
{
	archiveVersion = 1;
	classes = {
	};
	objectVersion = 46;
	objects = {

/* Begin PBXBuildFile section */
		F27BC5911CC8754700F93FA1 /* AppDelegate.swift in Sources */ = {isa = PBXBuildFile; fileRef = F27BC5901CC8754700F93FA1 /* AppDelegate.swift */; };
		F27BC5931CC8754700F93FA1 /* ViewController.swift in Sources */ = {isa = PBXBuildFile; fileRef = F27BC5921CC8754700F93FA1 /* ViewController.swift */; };
		F27BC5961CC8754700F93FA1 /* Main.storyboard in Resources */ = {isa = PBXBuildFile; fileRef = F27BC5941CC8754700F93FA1 /* Main.storyboard */; };
		F27BC5981CC8754800F93FA1 /* Assets.xcassets in Resources */ = {isa = PBXBuildFile; fileRef = F27BC5971CC8754800F93FA1 /* Assets.xcassets */; };
		F27BC59B1CC8754800F93FA1 /* LaunchScreen.storyboard in Resources */ = {isa = PBXBuildFile; fileRef = F27BC5991CC8754800F93FA1 /* LaunchScreen.storyboard */; };
		F27BC5A61CC8754800F93FA1 /* TreeViewControllerUITests.swift in Sources */ = {isa = PBXBuildFile; fileRef = F27BC5A51CC8754800F93FA1 /* TreeViewControllerUITests.swift */; };
/* End PBXBuildFile section */

/* Begin PBXContainerItemProxy section */
		F27BC5A21CC8754800F93FA1 /* PBXContainerItemProxy */ = {
			isa = PBXContainerItemProxy;
			containerPortal = F27BC5851CC8754700F93FA1 /* Project object */;
			proxyType = 1;
			remoteGlobalIDString = F27BC58C1CC8754700F93FA1;
			remoteInfo = TreeViewController;
		};
/* End PBXContainerItemProxy section */

/* Begin PBXFileReference section */
		F27BC58D1CC8754700F93FA1 /* TreeViewController.app */ = {isa = PBXFileReference; explicitFileType = wrapper.application; includeInIndex = 0; path = TreeViewController.app; sourceTree = BUILT_PRODUCTS_DIR; };
		F27BC5901CC8754700F93FA1 /* AppDelegate.swift */ = {isa = PBXFileReference; lastKnownFileType = sourcecode.swift; path = AppDelegate.swift; sourceTree = "<group>"; };
		F27BC5921CC8754700F93FA1 /* ViewController.swift */ = {isa = PBXFileReference; lastKnownFileType = sourcecode.swift; path = ViewController.swift; sourceTree = "<group>"; };
		F27BC5951CC8754700F93FA1 /* Base */ = {isa = PBXFileReference; lastKnownFileType = file.storyboard; name = Base; path = Base.lproj/Main.storyboard; sourceTree = "<group>"; };
		F27BC5971CC8754800F93FA1 /* Assets.xcassets */ = {isa = PBXFileReference; lastKnownFileType = folder.assetcatalog; path = Assets.xcassets; sourceTree = "<group>"; };
		F27BC59A1CC8754800F93FA1 /* Base */ = {isa = PBXFileReference; lastKnownFileType = file.storyboard; name = Base; path = Base.lproj/LaunchScreen.storyboard; sourceTree = "<group>"; };
		F27BC59C1CC8754800F93FA1 /* Info.plist */ = {isa = PBXFileReference; lastKnownFileType = text.plist.xml; path = Info.plist; sourceTree = "<group>"; };
		F27BC5A11CC8754800F93FA1 /* TreeViewControllerUITests.xctest */ = {isa = PBXFileReference; explicitFileType = wrapper.cfbundle; includeInIndex = 0; path = TreeViewControllerUITests.xctest; sourceTree = BUILT_PRODUCTS_DIR; };
		F27BC5A51CC8754800F93FA1 /* TreeViewControllerUITests.swift */ = {isa = PBXFileReference; lastKnownFileType = sourcecode.swift; path = TreeViewControllerUITests.swift; sourceTree = "<group>"; };
		F27BC5A71CC8754800F93FA1 /* Info.plist */ = {isa = PBXFileReference; lastKnownFileType = text.plist.xml; path = Info.plist; sourceTree = "<group>"; };
/* End PBXFileReference section */

/* Begin PBXFrameworksBuildPhase section */
		F27BC58A1CC8754700F93FA1 /* Frameworks */ = {
			isa = PBXFrameworksBuildPhase;
			buildActionMask = 2147483647;
			files = (
			);
			runOnlyForDeploymentPostprocessing = 0;
		};
		F27BC59E1CC8754800F93FA1 /* Frameworks */ = {
			isa = PBXFrameworksBuildPhase;
			buildActionMask = 2147483647;
			files = (
			);
			runOnlyForDeploymentPostprocessing = 0;
		};
/* End PBXFrameworksBuildPhase section */

/* Begin PBXGroup section */
		F27BC5841CC8754700F93FA1 = {
			isa = PBXGroup;
			children = (
				F27BC58F1CC8754700F93FA1 /* TreeViewController */,
				F27BC5A41CC8754800F93FA1 /* TreeViewControllerUITests */,
				F27BC58E1CC8754700F93FA1 /* Products */,
			);
			sourceTree = "<group>";
		};
		F27BC58E1CC8754700F93FA1 /* Products */ = {
			isa = PBXGroup;
			children = (
				F27BC58D1CC8754700F93FA1 /* TreeViewController.app */,
				F27BC5A11CC8754800F93FA1 /* TreeViewControllerUITests.xctest */,
			);
			name = Products;
			sourceTree = "<group>";
		};
		F27BC58F1CC8754700F93FA1 /* TreeViewController */ = {
			isa = PBXGroup;
			children = (
				F27BC5901CC8754700F93FA1 /* AppDelegate.swift */,
				F27BC5921CC8754700F93FA1 /* ViewController.swift */,
				F27BC5941CC8754700F93FA1 /* Main.storyboard */,
				F27BC5971CC8754800F93FA1 /* Assets.xcassets */,
				F27BC5991CC8754800F93FA1 /* LaunchScreen.storyboard */,
				F27BC59C1CC8754800F93FA1 /* Info.plist */,
			);
			path = TreeViewController;
			sourceTree = "<group>";
		};
		F27BC5A41CC8754800F93FA1 /* TreeViewControllerUITests */ = {
			isa = PBXGroup;
			children = (
				F27BC5A51CC8754800F93FA1 /* TreeViewControllerUITests.swift */,
				F27BC5A71CC8754800F93FA1 /* Info.plist */,
			);
			path = TreeViewControllerUITests;
			sourceTree = "<group>";
		};
/* End PBXGroup section */

/* Begin PBXNativeTarget section */
		F27BC58C1CC8754700F93FA1 /* TreeViewController */ = {
			isa = PBXNativeTarget;
			buildConfigurationList = F27BC5AA1CC8754800F93FA1 /* Build configuration list for PBXNativeTarget "TreeViewController" */;
			buildPhases = (
				F27BC5891CC8754700F93FA1 /* Sources */,
				F27BC58A1CC8754700F93FA1 /* Frameworks */,
				F27BC58B1CC8754700F93FA1 /* Resources */,
			);
			buildRules = (
			);
			dependencies = (
			);
			name = TreeViewController;
			productName = TreeViewController;
			productReference = F27BC58D1CC8754700F93FA1 /* TreeViewController.app */;
			productType = "com.apple.product-type.application";
		};
		F27BC5A01CC8754800F93FA1 /* TreeViewControllerUITests */ = {
			isa = PBXNativeTarget;
			buildConfigurationList = F27BC5AD1CC8754800F93FA1 /* Build configuration list for PBXNativeTarget "TreeViewControllerUITests" */;
			buildPhases = (
				F27BC59D1CC8754800F93FA1 /* Sources */,
				F27BC59E1CC8754800F93FA1 /* Frameworks */,
				F27BC59F1CC8754800F93FA1 /* Resources */,
			);
			buildRules = (
			);
			dependencies = (
				F27BC5A31CC8754800F93FA1 /* PBXTargetDependency */,
			);
			name = TreeViewControllerUITests;
			productName = TreeViewControllerUITests;
			productReference = F27BC5A11CC8754800F93FA1 /* TreeViewControllerUITests.xctest */;
			productType = "com.apple.product-type.bundle.ui-testing";
		};
/* End PBXNativeTarget section */

/* Begin PBXProject section */
		F27BC5851CC8754700F93FA1 /* Project object */ = {
			isa = PBXProject;
			attributes = {
				LastSwiftUpdateCheck = 0730;
				LastUpgradeCheck = 0730;
				ORGANIZATIONNAME = YehYungCheng;
				TargetAttributes = {
					F27BC58C1CC8754700F93FA1 = {
						CreatedOnToolsVersion = 7.3;
						DevelopmentTeam = ZRU74Q6CGE;
					};
					F27BC5A01CC8754800F93FA1 = {
						CreatedOnToolsVersion = 7.3;
						DevelopmentTeam = ZRU74Q6CGE;
						TestTargetID = F27BC58C1CC8754700F93FA1;
					};
				};
			};
			buildConfigurationList = F27BC5881CC8754700F93FA1 /* Build configuration list for PBXProject "TreeViewController" */;
			compatibilityVersion = "Xcode 3.2";
			developmentRegion = English;
			hasScannedForEncodings = 0;
			knownRegions = (
				en,
				Base,
			);
			mainGroup = F27BC5841CC8754700F93FA1;
			productRefGroup = F27BC58E1CC8754700F93FA1 /* Products */;
			projectDirPath = "";
			projectRoot = "";
			targets = (
				F27BC58C1CC8754700F93FA1 /* TreeViewController */,
				F27BC5A01CC8754800F93FA1 /* TreeViewControllerUITests */,
			);
		};
/* End PBXProject section */

/* Begin PBXResourcesBuildPhase section */
		F27BC58B1CC8754700F93FA1 /* Resources */ = {
			isa = PBXResourcesBuildPhase;
			buildActionMask = 2147483647;
			files = (
				F27BC59B1CC8754800F93FA1 /* LaunchScreen.storyboard in Resources */,
				F27BC5981CC8754800F93FA1 /* Assets.xcassets in Resources */,
				F27BC5961CC8754700F93FA1 /* Main.storyboard in Resources */,
			);
			runOnlyForDeploymentPostprocessing = 0;
		};
		F27BC59F1CC8754800F93FA1 /* Resources */ = {
			isa = PBXResourcesBuildPhase;
			buildActionMask = 2147483647;
			files = (
			);
			runOnlyForDeploymentPostprocessing = 0;
		};
/* End PBXResourcesBuildPhase section */

/* Begin PBXSourcesBuildPhase section */
		F27BC5891CC8754700F93FA1 /* Sources */ = {
			isa = PBXSourcesBuildPhase;
			buildActionMask = 2147483647;
			files = (
				F27BC5931CC8754700F93FA1 /* ViewController.swift in Sources */,
				F27BC5911CC8754700F93FA1 /* AppDelegate.swift in Sources */,
			);
			runOnlyForDeploymentPostprocessing = 0;
		};
		F27BC59D1CC8754800F93FA1 /* Sources */ = {
			isa = PBXSourcesBuildPhase;
			buildActionMask = 2147483647;
			files = (
				F27BC5A61CC8754800F93FA1 /* TreeViewControllerUITests.swift in Sources */,
			);
			runOnlyForDeploymentPostprocessing = 0;
		};
/* End PBXSourcesBuildPhase section */

/* Begin PBXTargetDependency section */
		F27BC5A31CC8754800F93FA1 /* PBXTargetDependency */ = {
			isa = PBXTargetDependency;
			target = F27BC58C1CC8754700F93FA1 /* TreeViewController */;
			targetProxy = F27BC5A21CC8754800F93FA1 /* PBXContainerItemProxy */;
		};
/* End PBXTargetDependency section */

/* Begin PBXVariantGroup section */
		F27BC5941CC8754700F93FA1 /* Main.storyboard */ = {
			isa = PBXVariantGroup;
			children = (
				F27BC5951CC8754700F93FA1 /* Base */,
			);
			name = Main.storyboard;
			sourceTree = "<group>";
		};
		F27BC5991CC8754800F93FA1 /* LaunchScreen.storyboard */ = {
			isa = PBXVariantGroup;
			children = (
				F27BC59A1CC8754800F93FA1 /* Base */,
			);
			name = LaunchScreen.storyboard;
			sourceTree = "<group>";
		};
/* End PBXVariantGroup section */

/* Begin XCBuildConfiguration section */
		F27BC5A81CC8754800F93FA1 /* Debug */ = {
			isa = XCBuildConfiguration;
			buildSettings = {
				ALWAYS_SEARCH_USER_PATHS = NO;
				CLANG_ANALYZER_NONNULL = YES;
				CLANG_CXX_LANGUAGE_STANDARD = "gnu++0x";
				CLANG_CXX_LIBRARY = "libc++";
				CLANG_ENABLE_MODULES = YES;
				CLANG_ENABLE_OBJC_ARC = YES;
				CLANG_WARN_BOOL_CONVERSION = YES;
				CLANG_WARN_CONSTANT_CONVERSION = YES;
				CLANG_WARN_DIRECT_OBJC_ISA_USAGE = YES_ERROR;
				CLANG_WARN_EMPTY_BODY = YES;
				CLANG_WARN_ENUM_CONVERSION = YES;
				CLANG_WARN_INT_CONVERSION = YES;
				CLANG_WARN_OBJC_ROOT_CLASS = YES_ERROR;
				CLANG_WARN_UNREACHABLE_CODE = YES;
				CLANG_WARN__DUPLICATE_METHOD_MATCH = YES;
				"CODE_SIGN_IDENTITY[sdk=iphoneos*]" = "iPhone Developer";
				COPY_PHASE_STRIP = NO;
				DEBUG_INFORMATION_FORMAT = dwarf;
				ENABLE_STRICT_OBJC_MSGSEND = YES;
				ENABLE_TESTABILITY = YES;
				GCC_C_LANGUAGE_STANDARD = gnu99;
				GCC_DYNAMIC_NO_PIC = NO;
				GCC_NO_COMMON_BLOCKS = YES;
				GCC_OPTIMIZATION_LEVEL = 0;
				GCC_PREPROCESSOR_DEFINITIONS = (
					"DEBUG=1",
					"$(inherited)",
				);
				GCC_WARN_64_TO_32_BIT_CONVERSION = YES;
				GCC_WARN_ABOUT_RETURN_TYPE = YES_ERROR;
				GCC_WARN_UNDECLARED_SELECTOR = YES;
				GCC_WARN_UNINITIALIZED_AUTOS = YES_AGGRESSIVE;
				GCC_WARN_UNUSED_FUNCTION = YES;
				GCC_WARN_UNUSED_VARIABLE = YES;
				IPHONEOS_DEPLOYMENT_TARGET = 9.3;
				MTL_ENABLE_DEBUG_INFO = YES;
				ONLY_ACTIVE_ARCH = YES;
				SDKROOT = iphoneos;
				SWIFT_OPTIMIZATION_LEVEL = "-Onone";
				TARGETED_DEVICE_FAMILY = "1,2";
			};
			name = Debug;
		};
		F27BC5A91CC8754800F93FA1 /* Release */ = {
			isa = XCBuildConfiguration;
			buildSettings = {
				ALWAYS_SEARCH_USER_PATHS = NO;
				CLANG_ANALYZER_NONNULL = YES;
				CLANG_CXX_LANGUAGE_STANDARD = "gnu++0x";
				CLANG_CXX_LIBRARY = "libc++";
				CLANG_ENABLE_MODULES = YES;
				CLANG_ENABLE_OBJC_ARC = YES;
				CLANG_WARN_BOOL_CONVERSION = YES;
				CLANG_WARN_CONSTANT_CONVERSION = YES;
				CLANG_WARN_DIRECT_OBJC_ISA_USAGE = YES_ERROR;
				CLANG_WARN_EMPTY_BODY = YES;
				CLANG_WARN_ENUM_CONVERSION = YES;
				CLANG_WARN_INT_CONVERSION = YES;
				CLANG_WARN_OBJC_ROOT_CLASS = YES_ERROR;
				CLANG_WARN_UNREACHABLE_CODE = YES;
				CLANG_WARN__DUPLICATE_METHOD_MATCH = YES;
				"CODE_SIGN_IDENTITY[sdk=iphoneos*]" = "iPhone Developer";
				COPY_PHASE_STRIP = NO;
				DEBUG_INFORMATION_FORMAT = "dwarf-with-dsym";
				ENABLE_NS_ASSERTIONS = NO;
				ENABLE_STRICT_OBJC_MSGSEND = YES;
				GCC_C_LANGUAGE_STANDARD = gnu99;
				GCC_NO_COMMON_BLOCKS = YES;
				GCC_WARN_64_TO_32_BIT_CONVERSION = YES;
				GCC_WARN_ABOUT_RETURN_TYPE = YES_ERROR;
				GCC_WARN_UNDECLARED_SELECTOR = YES;
				GCC_WARN_UNINITIALIZED_AUTOS = YES_AGGRESSIVE;
				GCC_WARN_UNUSED_FUNCTION = YES;
				GCC_WARN_UNUSED_VARIABLE = YES;
				IPHONEOS_DEPLOYMENT_TARGET = 9.3;
				MTL_ENABLE_DEBUG_INFO = NO;
				SDKROOT = iphoneos;
				TARGETED_DEVICE_FAMILY = "1,2";
				VALIDATE_PRODUCT = YES;
			};
			name = Release;
		};
		F27BC5AB1CC8754800F93FA1 /* Debug */ = {
			isa = XCBuildConfiguration;
			buildSettings = {
				ASSETCATALOG_COMPILER_APPICON_NAME = AppIcon;
				INFOPLIST_FILE = TreeViewController/Info.plist;
				LD_RUNPATH_SEARCH_PATHS = "$(inherited) @executable_path/Frameworks";
				PRODUCT_BUNDLE_IDENTIFIER = app.yyc.TreeViewController;
				PRODUCT_NAME = "$(TARGET_NAME)";
			};
			name = Debug;
		};
		F27BC5AC1CC8754800F93FA1 /* Release */ = {
			isa = XCBuildConfiguration;
			buildSettings = {
				ASSETCATALOG_COMPILER_APPICON_NAME = AppIcon;
				INFOPLIST_FILE = TreeViewController/Info.plist;
				LD_RUNPATH_SEARCH_PATHS = "$(inherited) @executable_path/Frameworks";
				PRODUCT_BUNDLE_IDENTIFIER = app.yyc.TreeViewController;
				PRODUCT_NAME = "$(TARGET_NAME)";
			};
			name = Release;
		};
		F27BC5AE1CC8754800F93FA1 /* Debug */ = {
			isa = XCBuildConfiguration;
			buildSettings = {
				INFOPLIST_FILE = TreeViewControllerUITests/Info.plist;
				LD_RUNPATH_SEARCH_PATHS = "$(inherited) @executable_path/Frameworks @loader_path/Frameworks";
				PRODUCT_BUNDLE_IDENTIFIER = app.yyc.TreeViewControllerUITests;
				PRODUCT_NAME = "$(TARGET_NAME)";
				TEST_TARGET_NAME = TreeViewController;
			};
			name = Debug;
		};
		F27BC5AF1CC8754800F93FA1 /* Release */ = {
			isa = XCBuildConfiguration;
			buildSettings = {
				INFOPLIST_FILE = TreeViewControllerUITests/Info.plist;
				LD_RUNPATH_SEARCH_PATHS = "$(inherited) @executable_path/Frameworks @loader_path/Frameworks";
				PRODUCT_BUNDLE_IDENTIFIER = app.yyc.TreeViewControllerUITests;
				PRODUCT_NAME = "$(TARGET_NAME)";
				TEST_TARGET_NAME = TreeViewController;
			};
			name = Release;
		};
/* End XCBuildConfiguration section */

/* Begin XCConfigurationList section */
		F27BC5881CC8754700F93FA1 /* Build configuration list for PBXProject "TreeViewController" */ = {
			isa = XCConfigurationList;
			buildConfigurations = (
				F27BC5A81CC8754800F93FA1 /* Debug */,
				F27BC5A91CC8754800F93FA1 /* Release */,
			);
			defaultConfigurationIsVisible = 0;
			defaultConfigurationName = Release;
		};
		F27BC5AA1CC8754800F93FA1 /* Build configuration list for PBXNativeTarget "TreeViewController" */ = {
			isa = XCConfigurationList;
			buildConfigurations = (
				F27BC5AB1CC8754800F93FA1 /* Debug */,
				F27BC5AC1CC8754800F93FA1 /* Release */,
			);
			defaultConfigurationIsVisible = 0;
		};
		F27BC5AD1CC8754800F93FA1 /* Build configuration list for PBXNativeTarget "TreeViewControllerUITests" */ = {
			isa = XCConfigurationList;
			buildConfigurations = (
				F27BC5AE1CC8754800F93FA1 /* Debug */,
				F27BC5AF1CC8754800F93FA1 /* Release */,
			);
			defaultConfigurationIsVisible = 0;
		};
/* End XCConfigurationList section */
	};
	rootObject = F27BC5851CC8754700F93FA1 /* Project object */;
}
